
Microsoft Visual Studio Solution File, Format Version 12.00
# Visual Studio 15
VisualStudioVersion = 15.0.28010.2048
MinimumVisualStudioVersion = 10.0.40219.1
Project("{FAE04EC0-301F-11D3-BF4B-00C04F79EFBC}") = "CryptoCompare", "CryptoCompare\CryptoCompare.csproj", "{F84EFE4A-CF3D-4AE5-8387-7AFC1D8B5860}"
EndProject
Project("{FAE04EC0-301F-11D3-BF4B-00C04F79EFBC}") = "CryptoCompare.Tests", "CryptoCompare.Tests\CryptoCompare.Tests.csproj", "{F8AC4AA0-DE7A-4743-B5D4-1A9B50C861F0}"
EndProject
Project("{2150E333-8FDC-42A3-9474-1A3956D46DE8}") = "Solution Items", "Solution Items", "{BD985DFF-679A-435A-AC7F-9AA1725059F8}"
	ProjectSection(SolutionItems) = preProject
		readme.md = readme.md
	EndProjectSection
EndProject
Global
	GlobalSection(SolutionConfigurationPlatforms) = preSolution
		Debug|Any CPU = Debug|Any CPU
		Release|Any CPU = Release|Any CPU
	EndGlobalSection
	GlobalSection(ProjectConfigurationPlatforms) = postSolution
		{F84EFE4A-CF3D-4AE5-8387-7AFC1D8B5860}.Debug|Any CPU.ActiveCfg = Debug|Any CPU
		{F84EFE4A-CF3D-4AE5-8387-7AFC1D8B5860}.Debug|Any CPU.Build.0 = Debug|Any CPU
		{F84EFE4A-CF3D-4AE5-8387-7AFC1D8B5860}.Release|Any CPU.ActiveCfg = Release|Any CPU
		{F84EFE4A-CF3D-4AE5-8387-7AFC1D8B5860}.Release|Any CPU.Build.0 = Release|Any CPU
		{F8AC4AA0-DE7A-4743-B5D4-1A9B50C861F0}.Debug|Any CPU.ActiveCfg = Debug|Any CPU
		{F8AC4AA0-DE7A-4743-B5D4-1A9B50C861F0}.Debug|Any CPU.Build.0 = Debug|Any CPU
		{F8AC4AA0-DE7A-4743-B5D4-1A9B50C861F0}.Release|Any CPU.ActiveCfg = Release|Any CPU
		{F8AC4AA0-DE7A-4743-B5D4-1A9B50C861F0}.Release|Any CPU.Build.0 = Release|Any CPU
	EndGlobalSection
	GlobalSection(SolutionProperties) = preSolution
		HideSolutionNode = FALSE
	EndGlobalSection
	GlobalSection(ExtensibilityGlobals) = postSolution
		SolutionGuid = {8040B12B-2386-44B9-A0AF-EF798B3612D8}
	EndGlobalSection
EndGlobal
