
Microsoft Visual Studio Solution File, Format Version 12.00
# Visual Studio Version 16
VisualStudioVersion = 16.0.28803.156
MinimumVisualStudioVersion = 10.0.40219.1
Project("{FAE04EC0-301F-11D3-BF4B-00C04F79EFBC}") = "reactiveExtensions", "reactiveExtensions\reactiveExtensions.csproj", "{8794A313-515D-456B-8D78-67264AA2FB30}"
EndProject
Global
	GlobalSection(SolutionConfigurationPlatforms) = preSolution
		Debug|Any CPU = Debug|Any CPU
		Release|Any CPU = Release|Any CPU
	EndGlobalSection
	GlobalSection(ProjectConfigurationPlatforms) = postSolution
		{8794A313-515D-456B-8D78-67264AA2FB30}.Debug|Any CPU.ActiveCfg = Debug|Any CPU
		{8794A313-515D-456B-8D78-67264AA2FB30}.Debug|Any CPU.Build.0 = Debug|Any CPU
		{8794A313-515D-456B-8D78-67264AA2FB30}.Release|Any CPU.ActiveCfg = Release|Any CPU
		{8794A313-515D-456B-8D78-67264AA2FB30}.Release|Any CPU.Build.0 = Release|Any CPU
	EndGlobalSection
	GlobalSection(SolutionProperties) = preSolution
		HideSolutionNode = FALSE
	EndGlobalSection
	GlobalSection(ExtensibilityGlobals) = postSolution
		SolutionGuid = {A9ED1121-4812-46B5-A78A-55DDC09BA146}
	EndGlobalSection
EndGlobal
