
Microsoft Visual Studio Solution File, Format Version 12.00
# Visual Studio Version 17
VisualStudioVersion = 17.7.34031.279
MinimumVisualStudioVersion = 10.0.40219.1
Project("{9A19103F-16F7-4668-BE54-9A1E7A4F7556}") = "core", "core.csproj", "{159CEF3F-5EA3-4827-A74B-CD4AAD7A0E9D}"
EndProject
Global
	GlobalSection(SolutionConfigurationPlatforms) = preSolution
		Debug|Any CPU = Debug|Any CPU
		Release|Any CPU = Release|Any CPU
	EndGlobalSection
	GlobalSection(ProjectConfigurationPlatforms) = postSolution
		{159CEF3F-5EA3-4827-A74B-CD4AAD7A0E9D}.Debug|Any CPU.ActiveCfg = Debug|Any CPU
		{159CEF3F-5EA3-4827-A74B-CD4AAD7A0E9D}.Debug|Any CPU.Build.0 = Debug|Any CPU
		{159CEF3F-5EA3-4827-A74B-CD4AAD7A0E9D}.Release|Any CPU.ActiveCfg = Release|Any CPU
		{159CEF3F-5EA3-4827-A74B-CD4AAD7A0E9D}.Release|Any CPU.Build.0 = Release|Any CPU
	EndGlobalSection
	GlobalSection(SolutionProperties) = preSolution
		HideSolutionNode = FALSE
	EndGlobalSection
	GlobalSection(ExtensibilityGlobals) = postSolution
		SolutionGuid = {F1783A98-8728-4F88-A022-E3F9F6135825}
	EndGlobalSection
EndGlobal
